%{
  "certifi": {:hex, :certifi, "2.12.0", "2d1cca2ec95f59643862af91f001478c9863c2ac9cb6e2f89780bfd8de987329", [:rebar3], [], "hexpm", "ee68d85df22e554040cdb4be100f33873ac6051387baf6a8f6ce82272340ff1c"},
  "elixir_make": {:hex, :elixir_make, "0.7.8", "505026f266552ee5aabca0b9f9c229cbb496c689537c9f922f3eb5431157efc7", [:mix], [{:castore, "~> 0.1 or ~> 1.0", [hex: :castore, repo: "hexpm", optional: true]}, {:certifi, "~> 2.0", [hex: :certifi, repo: "hexpm", optional: true]}], "hexpm", "7a71945b913d37ea89b06966e1342c85cfe549b15e6d6d081e8081c493062c07"},
  "ex_image_info": {:hex, :ex_image_info, "0.2.5", "38104a042650db8744ef040cb698e39f16683b29e5b103b1d024859bd4ec13f5", [:mix], [], "hexpm", "31c02bef2a62e5d13450773a806c067179a57624d2ac9838bfa028ecdb742215"},
  "font_metrics": {:hex, :font_metrics, "0.5.1", "10ce0b8b1bf092a2d3d307e05a7c433787ae8ca7cd1f3cf959995a628809a994", [:mix], [{:nimble_options, "~> 0.3", [hex: :nimble_options, repo: "hexpm", optional: false]}], "hexpm", "192e4288772839ae4dadccb0f5b1d5c89b73a0c3961ccea14b6181fdcd535e54"},
  "hackney": {:hex, :hackney, "1.20.1", "8d97aec62ddddd757d128bfd1df6c5861093419f8f7a4223823537bad5d064e2", [:rebar3], [{:certifi, "~> 2.12.0", [hex: :certifi, repo: "hexpm", optional: false]}, {:idna, "~> 6.1.0", [hex: :idna, repo: "hexpm", optional: false]}, {:metrics, "~> 1.0.0", [hex: :metrics, repo: "hexpm", optional: false]}, {:mimerl, "~> 1.1", [hex: :mimerl, repo: "hexpm", optional: false]}, {:parse_trans, "3.4.1", [hex: :parse_trans, repo: "hexpm", optional: false]}, {:ssl_verify_fun, "~> 1.1.0", [hex: :ssl_verify_fun, repo: "hexpm", optional: false]}, {:unicode_util_compat, "~> 0.7.0", [hex: :unicode_util_compat, repo: "hexpm", optional: false]}], "hexpm", "fe9094e5f1a2a2c0a7d10918fee36bfec0ec2a979994cff8cfe8058cd9af38e3"},
  "httpoison": {:hex, :httpoison, "2.2.1", "87b7ed6d95db0389f7df02779644171d7319d319178f6680438167d7b69b1f3d", [:mix], [{:hackney, "~> 1.17", [hex: :hackney, repo: "hexpm", optional: false]}], "hexpm", "51364e6d2f429d80e14fe4b5f8e39719cacd03eb3f9a9286e61e216feac2d2df"},
  "idna": {:hex, :idna, "6.1.1", "8a63070e9f7d0c62eb9d9fcb360a7de382448200fbbd1b106cc96d3d8099df8d", [:rebar3], [{:unicode_util_compat, "~> 0.7.0", [hex: :unicode_util_compat, repo: "hexpm", optional: false]}], "hexpm", "92376eb7894412ed19ac475e4a86f7b413c1b9fbb5bd16dccd57934157944cea"},
  "jason": {:hex, :jason, "1.4.4", "b9226785a9aa77b6857ca22832cffa5d5011a667207eb2a0ad56adb5db443b8a", [:mix], [{:decimal, "~> 1.0 or ~> 2.0", [hex: :decimal, repo: "hexpm", optional: true]}], "hexpm", "c5eb0cab91f094599f94d55bc63409236a8ec69a21a67814529e8d5f6cc90b3b"},
  "metrics": {:hex, :metrics, "1.0.1", "25f094dea2cda98213cecc3aeff09e940299d950904393b2a29d191c346a8486", [:rebar3], [], "hexpm", "69b09adddc4f74a40716ae54d140f93beb0fb8978d8636eaded0c31b6f099f16"},
  "mimerl": {:hex, :mimerl, "1.3.0", "d0cd9fc04b9061f82490f6581e0128379830e78535e017f7780f37fea7545726", [:rebar3], [], "hexpm", "a1e15a50d1887217de95f0b9b0793e32853f7c258a5cd227650889b38839fe9d"},
  "nimble_options": {:hex, :nimble_options, "0.5.2", "42703307b924880f8c08d97719da7472673391905f528259915782bb346e0a1b", [:mix], [], "hexpm", "4da7f904b915fd71db549bcdc25f8d56f378ef7ae07dc1d372cbe72ba950dce0"},
  "parse_trans": {:hex, :parse_trans, "3.4.1", "6e6aa8167cb44cc8f39441d05193be6e6f4e7c2946cb2759f015f8c56b76e5ff", [:rebar3], [], "hexpm", "620a406ce75dada827b82e453c19cf06776be266f5a67cff34e1ef2cbb60e49a"},
  "poison": {:hex, :poison, "5.0.0", "d2b54589ab4157bbb82ec2050757779bfed724463a544b6e20d79855a9e43b24", [:mix], [{:decimal, "~> 2.0", [hex: :decimal, repo: "hexpm", optional: true]}], "hexpm", "11dc6117c501b80c62a7594f941d043982a1bd05a1184280c0d9166eb4d8d3fc"},
  "scenic": {:hex, :scenic, "0.11.2", "5d29aac74ee85899651716af47f72d167d064939fc2b4e514cd7c43810293cda", [:make, :mix], [{:elixir_make, "~> 0.7.7", [hex: :elixir_make, repo: "hexpm", optional: false]}, {:ex_image_info, "~> 0.2.4", [hex: :ex_image_info, repo: "hexpm", optional: false]}, {:font_metrics, "~> 0.5.0", [hex: :font_metrics, repo: "hexpm", optional: false]}, {:nimble_options, "~> 0.3.4 or ~> 0.4.0 or ~> 0.5.0 or ~> 1.0", [hex: :nimble_options, repo: "hexpm", optional: false]}, {:truetype_metrics, "~> 0.6", [hex: :truetype_metrics, repo: "hexpm", optional: false]}], "hexpm", "6f846cfe8457163d28ad6b8b147d251bd15524c249ddad3e75608cbdb739beaa"},
  "scenic_driver_glfw": {:hex, :scenic_driver_glfw, "0.10.1", "df7a11bc1d23415dd48c7796a70a6ad98b9cf77554078d79115d6c6e58b87eda", [:make, :mix], [{:elixir_make, "~> 0.6", [hex: :elixir_make, repo: "hexpm", optional: false]}, {:scenic, "~> 0.10", [hex: :scenic, repo: "hexpm", optional: false]}], "hexpm", "d2f2ef0a1d099a6e1904616c0a95ff0fc554342cf7936e6bb73c2d7027e7557e"},
  "ssl_verify_fun": {:hex, :ssl_verify_fun, "1.1.7", "354c321cf377240c7b8716899e182ce4890c5938111a1296add3ec74cf1715df", [:make, :mix, :rebar3], [], "hexpm", "fe4c190e8f37401d30167c8c405eda19469f34577987c76dde613e838bbc67f8"},
  "truetype_metrics": {:hex, :truetype_metrics, "0.6.1", "9119a04dc269dd8f63e85e12e4098f711cb7c5204a420f4896f40667b9e064f6", [:mix], [{:font_metrics, "~> 0.5", [hex: :font_metrics, repo: "hexpm", optional: false]}], "hexpm", "5711d4a3e4fc92eb073326fbe54208925d35168dc9b288c331ee666a8a84759b"},
  "unicode_util_compat": {:hex, :unicode_util_compat, "0.7.0", "bc84380c9ab48177092f43ac89e4dfa2c6d62b40b8bd132b1059ecc7232f9a78", [:rebar3], [], "hexpm", "25eee6d67df61960cf6a794239566599b09e17e668d3700247bc498638152521"},
}
